
Microsoft Visual Studio Solution File, Format Version 12.00
# Visual Studio Version 17
VisualStudioVersion = 17.9.34723.18
MinimumVisualStudioVersion = 10.0.40219.1
Project("{9A19103F-16F7-4668-BE54-9A1E7A4F7556}") = "Ez PPPwn", "Ez PPPwn.csproj", "{218C5115-2334-42D1-BFDE-204A2ECDD851}"
EndProject
Project("{FAE04EC0-301F-11D3-BF4B-00C04F79EFBC}") = "Ez PPPwn-Compiler-v1.00", "..\Ez PPPwn-Compiler-v1.00\Ez PPPwn-Compiler-v1.00.csproj", "{E20F9359-34E6-418D-BC3B-6FEF5827FDAF}"
EndProject
Global
	GlobalSection(SolutionConfigurationPlatforms) = preSolution
		Debug|Any CPU = Debug|Any CPU
		Release|Any CPU = Release|Any CPU
	EndGlobalSection
	GlobalSection(ProjectConfigurationPlatforms) = postSolution
		{218C5115-2334-42D1-BFDE-204A2ECDD851}.Debug|Any CPU.ActiveCfg = Debug|Any CPU
		{218C5115-2334-42D1-BFDE-204A2ECDD851}.Debug|Any CPU.Build.0 = Debug|Any CPU
		{218C5115-2334-42D1-BFDE-204A2ECDD851}.Release|Any CPU.ActiveCfg = Release|Any CPU
		{218C5115-2334-42D1-BFDE-204A2ECDD851}.Release|Any CPU.Build.0 = Release|Any CPU
		{E20F9359-34E6-418D-BC3B-6FEF5827FDAF}.Debug|Any CPU.ActiveCfg = Debug|Any CPU
		{E20F9359-34E6-418D-BC3B-6FEF5827FDAF}.Debug|Any CPU.Build.0 = Debug|Any CPU
		{E20F9359-34E6-418D-BC3B-6FEF5827FDAF}.Release|Any CPU.ActiveCfg = Release|Any CPU
		{E20F9359-34E6-418D-BC3B-6FEF5827FDAF}.Release|Any CPU.Build.0 = Release|Any CPU
	EndGlobalSection
	GlobalSection(SolutionProperties) = preSolution
		HideSolutionNode = FALSE
	EndGlobalSection
	GlobalSection(ExtensibilityGlobals) = postSolution
		SolutionGuid = {520EBC40-6579-4F7C-8D98-3012BCBBCB65}
	EndGlobalSection
EndGlobal
